
Microsoft Visual Studio Solution File, Format Version 12.00
# Visual Studio Version 17
VisualStudioVersion = 17.7.34018.315
MinimumVisualStudioVersion = 10.0.40219.1
Project("{FAE04EC0-301F-11D3-BF4B-00C04F79EFBC}") = "SkyAirlines", "SkyAirlines\SkyAirlines.csproj", "{B1A5CDFA-4B0F-48BD-9474-4AFAA633456B}"
EndProject
Global
	GlobalSection(SolutionConfigurationPlatforms) = preSolution
		Debug|Any CPU = Debug|Any CPU
		Debug|x64 = Debug|x64
		Release|Any CPU = Release|Any CPU
		Release|x64 = Release|x64
	EndGlobalSection
	GlobalSection(ProjectConfigurationPlatforms) = postSolution
		{B1A5CDFA-4B0F-48BD-9474-4AFAA633456B}.Debug|Any CPU.ActiveCfg = Debug|Any CPU
		{B1A5CDFA-4B0F-48BD-9474-4AFAA633456B}.Debug|Any CPU.Build.0 = Debug|Any CPU
		{B1A5CDFA-4B0F-48BD-9474-4AFAA633456B}.Debug|x64.ActiveCfg = Debug|Any CPU
		{B1A5CDFA-4B0F-48BD-9474-4AFAA633456B}.Debug|x64.Build.0 = Debug|Any CPU
		{B1A5CDFA-4B0F-48BD-9474-4AFAA633456B}.Release|Any CPU.ActiveCfg = Release|Any CPU
		{B1A5CDFA-4B0F-48BD-9474-4AFAA633456B}.Release|Any CPU.Build.0 = Release|Any CPU
		{B1A5CDFA-4B0F-48BD-9474-4AFAA633456B}.Release|x64.ActiveCfg = Release|x64
		{B1A5CDFA-4B0F-48BD-9474-4AFAA633456B}.Release|x64.Build.0 = Release|x64
	EndGlobalSection
	GlobalSection(SolutionProperties) = preSolution
		HideSolutionNode = FALSE
	EndGlobalSection
	GlobalSection(ExtensibilityGlobals) = postSolution
		SolutionGuid = {75AE21C5-B761-4CE4-B700-5B75D2BA421F}
	EndGlobalSection
EndGlobal
